
Microsoft Visual Studio Solution File, Format Version 12.00
# Visual Studio Version 17
VisualStudioVersion = 17.9.34723.18
MinimumVisualStudioVersion = 10.0.40219.1
Project("{8BC9CEB8-8B4A-11D0-8D11-00A0C91BC942}") = "BudgetManagement", "BudgetManagement.vcxproj", "{7B50D775-978C-4872-B16C-1DCFA237EB9E}"
EndProject
Global
	GlobalSection(SolutionConfigurationPlatforms) = preSolution
		Debug|x64 = Debug|x64
		Debug|x86 = Debug|x86
		Release|x64 = Release|x64
		Release|x86 = Release|x86
	EndGlobalSection
	GlobalSection(ProjectConfigurationPlatforms) = postSolution
		{7B50D775-978C-4872-B16C-1DCFA237EB9E}.Debug|x64.ActiveCfg = Debug|x64
		{7B50D775-978C-4872-B16C-1DCFA237EB9E}.Debug|x64.Build.0 = Debug|x64
		{7B50D775-978C-4872-B16C-1DCFA237EB9E}.Debug|x86.ActiveCfg = Debug|Win32
		{7B50D775-978C-4872-B16C-1DCFA237EB9E}.Debug|x86.Build.0 = Debug|Win32
		{7B50D775-978C-4872-B16C-1DCFA237EB9E}.Release|x64.ActiveCfg = Release|x64
		{7B50D775-978C-4872-B16C-1DCFA237EB9E}.Release|x64.Build.0 = Release|x64
		{7B50D775-978C-4872-B16C-1DCFA237EB9E}.Release|x86.ActiveCfg = Release|Win32
		{7B50D775-978C-4872-B16C-1DCFA237EB9E}.Release|x86.Build.0 = Release|Win32
	EndGlobalSection
	GlobalSection(SolutionProperties) = preSolution
		HideSolutionNode = FALSE
	EndGlobalSection
	GlobalSection(ExtensibilityGlobals) = postSolution
		SolutionGuid = {CB94B8E8-C85F-42EC-AFB5-4AB7482BAA79}
	EndGlobalSection
EndGlobal
